
Microsoft Visual Studio Solution File, Format Version 12.00
# Visual Studio 15
VisualStudioVersion = 15.0.27130.2027
MinimumVisualStudioVersion = 10.0.40219.1
Project("{9A19103F-16F7-4668-BE54-9A1E7A4F7556}") = "Log4Net.KinesisAppender", "Log4Net.KinesisAppender\Log4Net.KinesisAppender.csproj", "{0D0CBCBD-21A0-4C11-99FF-CC4DAC7CE5FF}"
EndProject
Project("{FAE04EC0-301F-11D3-BF4B-00C04F79EFBC}") = "Log4Net.KinesisAppender.Tests", "Log4Net.KinesisAppender.Tests\Log4Net.KinesisAppender.Tests.csproj", "{20BA99FC-D8A5-4ABE-992F-D210F83793F4}"
EndProject
Global
	GlobalSection(SolutionConfigurationPlatforms) = preSolution
		Debug|Any CPU = Debug|Any CPU
		Release|Any CPU = Release|Any CPU
	EndGlobalSection
	GlobalSection(ProjectConfigurationPlatforms) = postSolution
		{0D0CBCBD-21A0-4C11-99FF-CC4DAC7CE5FF}.Debug|Any CPU.ActiveCfg = Debug|Any CPU
		{0D0CBCBD-21A0-4C11-99FF-CC4DAC7CE5FF}.Debug|Any CPU.Build.0 = Debug|Any CPU
		{0D0CBCBD-21A0-4C11-99FF-CC4DAC7CE5FF}.Release|Any CPU.ActiveCfg = Release|Any CPU
		{0D0CBCBD-21A0-4C11-99FF-CC4DAC7CE5FF}.Release|Any CPU.Build.0 = Release|Any CPU
		{20BA99FC-D8A5-4ABE-992F-D210F83793F4}.Debug|Any CPU.ActiveCfg = Debug|Any CPU
		{20BA99FC-D8A5-4ABE-992F-D210F83793F4}.Debug|Any CPU.Build.0 = Debug|Any CPU
		{20BA99FC-D8A5-4ABE-992F-D210F83793F4}.Release|Any CPU.ActiveCfg = Release|Any CPU
		{20BA99FC-D8A5-4ABE-992F-D210F83793F4}.Release|Any CPU.Build.0 = Release|Any CPU
	EndGlobalSection
	GlobalSection(SolutionProperties) = preSolution
		HideSolutionNode = FALSE
	EndGlobalSection
	GlobalSection(ExtensibilityGlobals) = postSolution
		SolutionGuid = {99BE22D2-976E-4420-9EF1-0D5CF2CCFF22}
	EndGlobalSection
EndGlobal
